
Microsoft Visual Studio Solution File, Format Version 12.00
# Visual Studio Version 16
VisualStudioVersion = 16.0.31112.23
MinimumVisualStudioVersion = 10.0.40219.1
Project("{FAE04EC0-301F-11D3-BF4B-00C04F79EFBC}") = "Santarsieri.Andrea.4H.XamAzure.UWP", "Santarsieri.Andrea.4H.XamAzure\Santarsieri.Andrea.4H.XamAzure.UWP\Santarsieri.Andrea.4H.XamAzure.UWP.csproj", "{1E501F5C-4091-4395-9264-9AD8E51EB6F6}"
EndProject
Project("{FAE04EC0-301F-11D3-BF4B-00C04F79EFBC}") = "Santarsieri.Andrea.4H.XamAzure", "Santarsieri.Andrea.4H.XamAzure\Santarsieri.Andrea.4H.XamAzure\Santarsieri.Andrea.4H.XamAzure.csproj", "{1402D75A-11BE-49EB-B356-C26915B28B45}"
EndProject
Global
	GlobalSection(SolutionConfigurationPlatforms) = preSolution
		Debug|Any CPU = Debug|Any CPU
		Debug|ARM = Debug|ARM
		Debug|x64 = Debug|x64
		Debug|x86 = Debug|x86
		Release|Any CPU = Release|Any CPU
		Release|ARM = Release|ARM
		Release|x64 = Release|x64
		Release|x86 = Release|x86
	EndGlobalSection
	GlobalSection(ProjectConfigurationPlatforms) = postSolution
		{1E501F5C-4091-4395-9264-9AD8E51EB6F6}.Debug|Any CPU.ActiveCfg = Debug|x86
		{1E501F5C-4091-4395-9264-9AD8E51EB6F6}.Debug|Any CPU.Build.0 = Debug|x86
		{1E501F5C-4091-4395-9264-9AD8E51EB6F6}.Debug|Any CPU.Deploy.0 = Debug|x86
		{1E501F5C-4091-4395-9264-9AD8E51EB6F6}.Debug|ARM.ActiveCfg = Debug|ARM
		{1E501F5C-4091-4395-9264-9AD8E51EB6F6}.Debug|ARM.Build.0 = Debug|ARM
		{1E501F5C-4091-4395-9264-9AD8E51EB6F6}.Debug|ARM.Deploy.0 = Debug|ARM
		{1E501F5C-4091-4395-9264-9AD8E51EB6F6}.Debug|x64.ActiveCfg = Debug|x64
		{1E501F5C-4091-4395-9264-9AD8E51EB6F6}.Debug|x64.Build.0 = Debug|x64
		{1E501F5C-4091-4395-9264-9AD8E51EB6F6}.Debug|x64.Deploy.0 = Debug|x64
		{1E501F5C-4091-4395-9264-9AD8E51EB6F6}.Debug|x86.ActiveCfg = Debug|x86
		{1E501F5C-4091-4395-9264-9AD8E51EB6F6}.Debug|x86.Build.0 = Debug|x86
		{1E501F5C-4091-4395-9264-9AD8E51EB6F6}.Debug|x86.Deploy.0 = Debug|x86
		{1E501F5C-4091-4395-9264-9AD8E51EB6F6}.Release|Any CPU.ActiveCfg = Release|x86
		{1E501F5C-4091-4395-9264-9AD8E51EB6F6}.Release|Any CPU.Build.0 = Release|x86
		{1E501F5C-4091-4395-9264-9AD8E51EB6F6}.Release|Any CPU.Deploy.0 = Release|x86
		{1E501F5C-4091-4395-9264-9AD8E51EB6F6}.Release|ARM.ActiveCfg = Release|ARM
		{1E501F5C-4091-4395-9264-9AD8E51EB6F6}.Release|ARM.Build.0 = Release|ARM
		{1E501F5C-4091-4395-9264-9AD8E51EB6F6}.Release|ARM.Deploy.0 = Release|ARM
		{1E501F5C-4091-4395-9264-9AD8E51EB6F6}.Release|x64.ActiveCfg = Release|x64
		{1E501F5C-4091-4395-9264-9AD8E51EB6F6}.Release|x64.Build.0 = Release|x64
		{1E501F5C-4091-4395-9264-9AD8E51EB6F6}.Release|x64.Deploy.0 = Release|x64
		{1E501F5C-4091-4395-9264-9AD8E51EB6F6}.Release|x86.ActiveCfg = Release|x86
		{1E501F5C-4091-4395-9264-9AD8E51EB6F6}.Release|x86.Build.0 = Release|x86
		{1E501F5C-4091-4395-9264-9AD8E51EB6F6}.Release|x86.Deploy.0 = Release|x86
		{1402D75A-11BE-49EB-B356-C26915B28B45}.Debug|Any CPU.ActiveCfg = Debug|Any CPU
		{1402D75A-11BE-49EB-B356-C26915B28B45}.Debug|Any CPU.Build.0 = Debug|Any CPU
		{1402D75A-11BE-49EB-B356-C26915B28B45}.Debug|Any CPU.Deploy.0 = Debug|Any CPU
		{1402D75A-11BE-49EB-B356-C26915B28B45}.Debug|ARM.ActiveCfg = Debug|Any CPU
		{1402D75A-11BE-49EB-B356-C26915B28B45}.Debug|ARM.Build.0 = Debug|Any CPU
		{1402D75A-11BE-49EB-B356-C26915B28B45}.Debug|ARM.Deploy.0 = Debug|Any CPU
		{1402D75A-11BE-49EB-B356-C26915B28B45}.Debug|x64.ActiveCfg = Debug|Any CPU
		{1402D75A-11BE-49EB-B356-C26915B28B45}.Debug|x64.Build.0 = Debug|Any CPU
		{1402D75A-11BE-49EB-B356-C26915B28B45}.Debug|x64.Deploy.0 = Debug|Any CPU
		{1402D75A-11BE-49EB-B356-C26915B28B45}.Debug|x86.ActiveCfg = Debug|Any CPU
		{1402D75A-11BE-49EB-B356-C26915B28B45}.Debug|x86.Build.0 = Debug|Any CPU
		{1402D75A-11BE-49EB-B356-C26915B28B45}.Debug|x86.Deploy.0 = Debug|Any CPU
		{1402D75A-11BE-49EB-B356-C26915B28B45}.Release|Any CPU.ActiveCfg = Release|Any CPU
		{1402D75A-11BE-49EB-B356-C26915B28B45}.Release|Any CPU.Build.0 = Release|Any CPU
		{1402D75A-11BE-49EB-B356-C26915B28B45}.Release|Any CPU.Deploy.0 = Release|Any CPU
		{1402D75A-11BE-49EB-B356-C26915B28B45}.Release|ARM.ActiveCfg = Release|Any CPU
		{1402D75A-11BE-49EB-B356-C26915B28B45}.Release|ARM.Build.0 = Release|Any CPU
		{1402D75A-11BE-49EB-B356-C26915B28B45}.Release|ARM.Deploy.0 = Release|Any CPU
		{1402D75A-11BE-49EB-B356-C26915B28B45}.Release|x64.ActiveCfg = Release|Any CPU
		{1402D75A-11BE-49EB-B356-C26915B28B45}.Release|x64.Build.0 = Release|Any CPU
		{1402D75A-11BE-49EB-B356-C26915B28B45}.Release|x64.Deploy.0 = Release|Any CPU
		{1402D75A-11BE-49EB-B356-C26915B28B45}.Release|x86.ActiveCfg = Release|Any CPU
		{1402D75A-11BE-49EB-B356-C26915B28B45}.Release|x86.Build.0 = Release|Any CPU
		{1402D75A-11BE-49EB-B356-C26915B28B45}.Release|x86.Deploy.0 = Release|Any CPU
	EndGlobalSection
	GlobalSection(SolutionProperties) = preSolution
		HideSolutionNode = FALSE
	EndGlobalSection
	GlobalSection(ExtensibilityGlobals) = postSolution
		SolutionGuid = {ED34527C-776E-4C0A-860D-0698263E7DAB}
	EndGlobalSection
EndGlobal
